# This file is automatically @generated by Poetry 1.8.0 and should not be changed by hand.

[[package]]
name = "altgraph"
version = "0.17.5"
description = "Python graph (network) package"
optional = false
python-versions = "*"
files = [
    {file = "altgraph-0.17.5-py2.py3-none-any.whl", hash = "sha256:f3a22400bce1b0c701683820ac4f3b159cd301acab067c51c653e06961600597"},
    {file = "altgraph-0.17.5.tar.gz", hash = "sha256:c87b395dd12fabde9c99573a9749d67da8d29ef9de0125c7f536699b4a9bc9e7"},
]

[[package]]
name = "macholib"
version = "1.16.4"
description = "Mach-O header analysis and editing"
optional = false
python-versions = "*"
files = [
    {file = "macholib-1.16.4-py2.py3-none-any.whl", hash = "sha256:da1a3fa8266e30f0ce7e97c6a54eefaae8edd1e5f86f3eb8b95457cae90265ea"},
    {file = "macholib-1.16.4.tar.gz", hash = "sha256:f408c93ab2e995cd2c46e34fe328b130404be143469e41bc366c807448979362"},
]

[package.dependencies]
altgraph = ">=0.17"

[[package]]
name = "packaging"
version = "26.2"
description = "Core utilities for Python packages"
optional = false
python-versions = ">=3.8"
files = [
    {file = "packaging-26.2-py3-none-any.whl", hash = "sha256:5fc45236b9446107ff2415ce77c807cee2862cb6fac22b8a73826d0693b0980e"},
    {file = "packaging-26.2.tar.gz", hash = "sha256:ff452ff5a3e828ce110190feff1178bb1f2ea2281fa2075aadb987c2fb221661"},
]

[[package]]
name = "pefile"
version = "2024.8.26"
description = "Python PE parsing module"
optional = false
python-versions = ">=3.6.0"
files = [
    {file = "pefile-2024.8.26-py3-none-any.whl", hash = "sha256:76f8b485dcd3b1bb8166f1128d395fa3d87af26360c2358fb75b80019b957c6f"},
    {file = "pefile-2024.8.26.tar.gz", hash = "sha256:3ff6c5d8b43e8c37bb6e6dd5085658d658a7a0bdcd20b6a07b1fcfc1c4e9d632"},
]

[[package]]
name = "pillow"
version = "10.4.0"
description = "Python Imaging Library (Fork)"
optional = false
python-versions = ">=3.8"
files = [
    {file = "pillow-10.4.0-cp310-cp310-macosx_10_10_x86_64.whl", hash = "sha256:4d9667937cfa347525b319ae34375c37b9ee6b525440f3ef48542fcf66f2731e"},
    {file = "pillow-10.4.0-cp310-cp310-macosx_11_0_arm64.whl", hash = "sha256:543f3dc61c18dafb755773efc89aae60d06b6596a63914107f75459cf984164d"},
    {file = "pillow-10.4.0-cp310-cp310-manylinux_2_17_aarch64.manylinux2014_aarch64.whl", hash = "sha256:7928ecbf1ece13956b95d9cbcfc77137652b02763ba384d9ab508099a2eca856"},
    {file = "pillow-10.4.0-cp310-cp310-manylinux_2_17_x86_64.manylinux2014_x86_64.whl", hash = "sha256:e4d49b85c4348ea0b31ea63bc75a9f3857869174e2bf17e7aba02945cd218e6f"},
    {file = "pillow-10.4.0-cp310-cp310-manylinux_2_28_aarch64.whl", hash = "sha256:6c762a5b0997f5659a5ef2266abc1d8851ad7749ad9a6a5506eb23d314e4f46b"},
    {file = "pillow-10.4.0-cp310-cp310-manylinux_2_28_x86_64.whl", hash = "sha256:a985e028fc183bf12a77a8bbf36318db4238a3ded7fa9df1b9a133f1cb79f8fc"},
    {file = "pillow-10.4.0-cp310-cp310-musllinux_1_2_aarch64.whl", hash = "sha256:812f7342b0eee081eaec84d91423d1b4650bb9828eb53d8511bcef8ce5aecf1e"},
    {file = "pillow-10.4.0-cp310-cp310-musllinux_1_2_x86_64.whl", hash = "sha256:ac1452d2fbe4978c2eec89fb5a23b8387aba707ac72810d9490118817d9c0b46"},
    {file = "pillow-10.4.0-cp310-cp310-win32.whl", hash = "sha256:bcd5e41a859bf2e84fdc42f4edb7d9aba0a13d29a2abadccafad99de3feff984"},
    {file = "pillow-10.4.0-cp310-cp310-win_amd64.whl", hash = "sha256:ecd85a8d3e79cd7158dec1c9e5808e821feea088e2f69a974db5edf84dc53141"},
    {file = "pillow-10.4.0-cp310-cp310-win_arm64.whl", hash = "sha256:ff337c552345e95702c5fde3158acb0625111017d0e5f24bf3acdb9cc16b90d1"},
    {file = "pillow-10.4.0-cp311-cp311-macosx_10_10_x86_64.whl", hash = "sha256:0a9ec697746f268507404647e531e92889890a087e03681a3606d9b920fbee3c"},
    {file = "pillow-10.4.0-cp311-cp311-macosx_11_0_arm64.whl", hash = "sha256:dfe91cb65544a1321e631e696759491ae04a2ea11d36715eca01ce07284738be"},
    {file = "pillow-10.4.0-cp311-cp311-manylinux_2_17_aarch64.manylinux2014_aarch64.whl", hash = "sha256:5dc6761a6efc781e6a1544206f22c80c3af4c8cf461206d46a1e6006e4429ff3"},
    {file = "pillow-10.4.0-cp311-cp311-manylinux_2_17_x86_64.manylinux2014_x86_64.whl", hash = "sha256:5e84b6cc6a4a3d76c153a6b19270b3526a5a8ed6b09501d3af891daa2a9de7d6"},
    {file = "pillow-10.4.0-cp311-cp311-manylinux_2_28_aarch64.whl", hash = "sha256:bbc527b519bd3aa9d7f429d152fea69f9ad37c95f0b02aebddff592688998abe"},
    {file = "pillow-10.4.0-cp311-cp311-manylinux_2_28_x86_64.whl", hash = "sha256:76a911dfe51a36041f2e756b00f96ed84677cdeb75d25c767f296c1c1eda1319"},
    {file = "pillow-10.4.0-cp311-cp311-musllinux_1_2_aarch64.whl", hash = "sha256:59291fb29317122398786c2d44427bbd1a6d7ff54017075b22be9d21aa59bd8d"},
    {file = "pillow-10.4.0-cp311-cp311-musllinux_1_2_x86_64.whl", hash = "sha256:416d3a5d0e8cfe4f27f574362435bc9bae57f679a7158e0096ad2beb427b8696"},
    {file = "pillow-10.4.0-cp311-cp311-win32.whl", hash = "sha256:7086cc1d5eebb91ad24ded9f58bec6c688e9f0ed7eb3dbbf1e4800280a896496"},
    {file = "pillow-10.4.0-cp311-cp311-win_amd64.whl", hash = "sha256:cbed61494057c0f83b83eb3a310f0bf774b09513307c434d4366ed64f4128a91"},
    {file = "pillow-10.4.0-cp311-cp311-win_arm64.whl", hash = "sha256:f5f0c3e969c8f12dd2bb7e0b15d5c468b51e5017e01e2e867335c81903046a22"},
    {file = "pillow-10.4.0-cp312-cp312-macosx_10_10_x86_64.whl", hash = "sha256:673655af3eadf4df6b5457033f086e90299fdd7a47983a13827acf7459c15d94"},
    {file = "pillow-10.4.0-cp312-cp312-macosx_11_0_arm64.whl", hash = "sha256:866b6942a92f56300012f5fbac71f2d610312ee65e22f1aa2609e491284e5597"},
    {file = "pillow-10.4.0-cp312-cp312-manylinux_2_17_aarch64.manylinux2014_aarch64.whl", hash = "sha256:29dbdc4207642ea6aad70fbde1a9338753d33fb23ed6956e706936706f52dd80"},
    {file = "pillow-10.4.0-cp312-cp312-manylinux_2_17_x86_64.manylinux2014_x86_64.whl", hash = "sha256:bf2342ac639c4cf38799a44950bbc2dfcb685f052b9e262f446482afaf4bffca"},
    {file = "pillow-10.4.0-cp312-cp312-manylinux_2_28_aarch64.whl", hash = "sha256:f5b92f4d70791b4a67157321c4e8225d60b119c5cc9aee8ecf153aace4aad4ef"},
    {file = "pillow-10.4.0-cp312-cp312-manylinux_2_28_x86_64.whl", hash = "sha256:86dcb5a1eb778d8b25659d5e4341269e8590ad6b4e8b44d9f4b07f8d136c414a"},
    {file = "pillow-10.4.0-cp312-cp312-musllinux_1_2_aarch64.whl", hash = "sha256:780c072c2e11c9b2c7ca37f9a2ee8ba66f44367ac3e5c7832afcfe5104fd6d1b"},
    {file = "pillow-10.4.0-cp312-cp312-musllinux_1_2_x86_64.whl", hash = "sha256:37fb69d905be665f68f28a8bba3c6d3223c8efe1edf14cc4cfa06c241f8c81d9"},
    {file = "pillow-10.4.0-cp312-cp312-win32.whl", hash = "sha256:7dfecdbad5c301d7b5bde160150b4db4c659cee2b69589705b6f8a0c509d9f42"},
    {file = "pillow-10.4.0-cp312-cp312-win_amd64.whl", hash = "sha256:1d846aea995ad352d4bdcc847535bd56e0fd88d36829d2c90be880ef1ee4668a"},
    {file = "pillow-10.4.0-cp312-cp312-win_arm64.whl", hash = "sha256:e553cad5179a66ba15bb18b353a19020e73a7921296a7979c4a2b7f6a5cd57f9"},
    {file = "pillow-10.4.0-cp313-cp313-macosx_10_13_x86_64.whl", hash = "sha256:8bc1a764ed8c957a2e9cacf97c8b2b053b70307cf2996aafd70e91a082e70df3"},
    {file = "pillow-10.4.0-cp313-cp313-macosx_11_0_arm64.whl", hash = "sha256:6209bb41dc692ddfee4942517c19ee81b86c864b626dbfca272ec0f7cff5d9fb"},
    {file = "pillow-10.4.0-cp313-cp313-manylinux_2_17_aarch64.manylinux2014_aarch64.whl", hash = "sha256:bee197b30783295d2eb680b311af15a20a8b24024a19c3a26431ff83eb8d1f70"},
    {file = "pillow-10.4.0-cp313-cp313-manylinux_2_17_x86_64.manylinux2014_x86_64.whl", hash = "sha256:1ef61f5dd14c300786318482456481463b9d6b91ebe5ef12f405afbba77ed0be"},
    {file = "pillow-10.4.0-cp313-cp313-manylinux_2_28_aarch64.whl", hash = "sha256:297e388da6e248c98bc4a02e018966af0c5f92dfacf5a5ca22fa01cb3179bca0"},
    {file = "pillow-10.4.0-cp313-cp313-manylinux_2_28_x86_64.whl", hash = "sha256:e4db64794ccdf6cb83a59d73405f63adbe2a1887012e308828596100a0b2f6cc"},
    {file = "pillow-10.4.0-cp313-cp313-musllinux_1_2_aarch64.whl", hash = "sha256:bd2880a07482090a3bcb01f4265f1936a903d70bc740bfcb1fd4e8a2ffe5cf5a"},
    {file = "pillow-10.4.0-cp313-cp313-musllinux_1_2_x86_64.whl", hash = "sha256:4b35b21b819ac1dbd1233317adeecd63495f6babf21b7b2512d244ff6c6ce309"},
    {file = "pillow-10.4.0-cp313-cp313-win32.whl", hash = "sha256:551d3fd6e9dc15e4c1eb6fc4ba2b39c0c7933fa113b220057a34f4bb3268a060"},
    {file = "pillow-10.4.0-cp313-cp313-win_amd64.whl", hash = "sha256:030abdbe43ee02e0de642aee345efa443740aa4d828bfe8e2eb11922ea6a21ea"},
    {file = "pillow-10.4.0-cp313-cp313-win_arm64.whl", hash = "sha256:5b001114dd152cfd6b23befeb28d7aee43553e2402c9f159807bf55f33af8a8d"},
    {file = "pillow-10.4.0-cp38-cp38-macosx_10_10_x86_64.whl", hash = "sha256:8d4d5063501b6dd4024b8ac2f04962d661222d120381272deea52e3fc52d3736"},
    {file = "pillow-10.4.0-cp38-cp38-macosx_11_0_arm64.whl", hash = "sha256:7c1ee6f42250df403c5f103cbd2768a28fe1a0ea1f0f03fe151c8741e1469c8b"},
    {file = "pillow-10.4.0-cp38-cp38-manylinux_2_17_aarch64.manylinux2014_aarch64.whl", hash = "sha256:b15e02e9bb4c21e39876698abf233c8c579127986f8207200bc8a8f6bb27acf2"},
    {file = "pillow-10.4.0-cp38-cp38-manylinux_2_17_x86_64.manylinux2014_x86_64.whl", hash = "sha256:7a8d4bade9952ea9a77d0c3e49cbd8b2890a399422258a77f357b9cc9be8d680"},
    {file = "pillow-10.4.0-cp38-cp38-manylinux_2_28_aarch64.whl", hash = "sha256:43efea75eb06b95d1631cb784aa40156177bf9dd5b4b03ff38979e048258bc6b"},
    {file = "pillow-10.4.0-cp38-cp38-manylinux_2_28_x86_64.whl", hash = "sha256:950be4d8ba92aca4b2bb0741285a46bfae3ca699ef913ec8416c1b78eadd64cd"},
    {file = "pillow-10.4.0-cp38-cp38-musllinux_1_2_aarch64.whl", hash = "sha256:d7480af14364494365e89d6fddc510a13e5a2c3584cb19ef65415ca57252fb84"},
    {file = "pillow-10.4.0-cp38-cp38-musllinux_1_2_x86_64.whl", hash = "sha256:73664fe514b34c8f02452ffb73b7a92c6774e39a647087f83d67f010eb9a0cf0"},
    {file = "pillow-10.4.0-cp38-cp38-win32.whl", hash = "sha256:e88d5e6ad0d026fba7bdab8c3f225a69f063f116462c49892b0149e21b6c0a0e"},
    {file = "pillow-10.4.0-cp38-cp38-win_amd64.whl", hash = "sha256:5161eef006d335e46895297f642341111945e2c1c899eb406882a6c61a4357ab"},
    {file = "pillow-10.4.0-cp39-cp39-macosx_10_10_x86_64.whl", hash = "sha256:0ae24a547e8b711ccaaf99c9ae3cd975470e1a30caa80a6aaee9a2f19c05701d"},
    {file = "pillow-10.4.0-cp39-cp39-macosx_11_0_arm64.whl", hash = "sha256:298478fe4f77a4408895605f3482b6cc6222c018b2ce565c2b6b9c354ac3229b"},
    {file = "pillow-10.4.0-cp39-cp39-manylinux_2_17_aarch64.manylinux2014_aarch64.whl", hash = "sha256:134ace6dc392116566980ee7436477d844520a26a4b1bd4053f6f47d096997fd"},
    {file = "pillow-10.4.0-cp39-cp39-manylinux_2_17_x86_64.manylinux2014_x86_64.whl", hash = "sha256:930044bb7679ab003b14023138b50181899da3f25de50e9dbee23b61b4de2126"},
    {file = "pillow-10.4.0-cp39-cp39-manylinux_2_28_aarch64.whl", hash = "sha256:c76e5786951e72ed3686e122d14c5d7012f16c8303a674d18cdcd6d89557fc5b"},
    {file = "pillow-10.4.0-cp39-cp39-manylinux_2_28_x86_64.whl", hash = "sha256:b2724fdb354a868ddf9a880cb84d102da914e99119211ef7ecbdc613b8c96b3c"},
    {file = "pillow-10.4.0-cp39-cp39-musllinux_1_2_aarch64.whl", hash = "sha256:dbc6ae66518ab3c5847659e9988c3b60dc94ffb48ef9168656e0019a93dbf8a1"},
    {file = "pillow-10.4.0-cp39-cp39-musllinux_1_2_x86_64.whl", hash = "sha256:06b2f7898047ae93fad74467ec3d28fe84f7831370e3c258afa533f81ef7f3df"},
    {file = "pillow-10.4.0-cp39-cp39-win32.whl", hash = "sha256:7970285ab628a3779aecc35823296a7869f889b8329c16ad5a71e4901a3dc4ef"},
    {file = "pillow-10.4.0-cp39-cp39-win_amd64.whl", hash = "sha256:961a7293b2457b405967af9c77dcaa43cc1a8cd50d23c532e62d48ab6cdd56f5"},
    {file = "pillow-10.4.0-cp39-cp39-win_arm64.whl", hash = "sha256:32cda9e3d601a52baccb2856b8ea1fc213c90b340c542dcef77140dfa3278a9e"},
    {file = "pillow-10.4.0-pp310-pypy310_pp73-macosx_10_15_x86_64.whl", hash = "sha256:5b4815f2e65b30f5fbae9dfffa8636d992d49705723fe86a3661806e069352d4"},
    {file = "pillow-10.4.0-pp310-pypy310_pp73-macosx_11_0_arm64.whl", hash = "sha256:8f0aef4ef59694b12cadee839e2ba6afeab89c0f39a3adc02ed51d109117b8da"},
    {file = "pillow-10.4.0-pp310-pypy310_pp73-manylinux_2_17_aarch64.manylinux2014_aarch64.whl", hash = "sha256:9f4727572e2918acaa9077c919cbbeb73bd2b3ebcfe033b72f858fc9fbef0026"},
    {file = "pillow-10.4.0-pp310-pypy310_pp73-manylinux_2_17_x86_64.manylinux2014_x86_64.whl", hash = "sha256:ff25afb18123cea58a591ea0244b92eb1e61a1fd497bf6d6384f09bc3262ec3e"},
    {file = "pillow-10.4.0-pp310-pypy310_pp73-manylinux_2_28_aarch64.whl", hash = "sha256:dc3e2db6ba09ffd7d02ae9141cfa0ae23393ee7687248d46a7507b75d610f4f5"},
    {file = "pillow-10.4.0-pp310-pypy310_pp73-manylinux_2_28_x86_64.whl", hash = "sha256:02a2be69f9c9b8c1e97cf2713e789d4e398c751ecfd9967c18d0ce304efbf885"},
    {file = "pillow-10.4.0-pp310-pypy310_pp73-win_amd64.whl", hash = "sha256:0755ffd4a0c6f267cccbae2e9903d95477ca2f77c4fcf3a3a09570001856c8a5"},
    {file = "pillow-10.4.0-pp39-pypy39_pp73-macosx_10_15_x86_64.whl", hash = "sha256:a02364621fe369e06200d4a16558e056fe2805d3468350df3aef21e00d26214b"},
    {file = "pillow-10.4.0-pp39-pypy39_pp73-macosx_11_0_arm64.whl", hash = "sha256:1b5dea9831a90e9d0721ec417a80d4cbd7022093ac38a568db2dd78363b00908"},
    {file = "pillow-10.4.0-pp39-pypy39_pp73-manylinux_2_17_aarch64.manylinux2014_aarch64.whl", hash = "sha256:9b885f89040bb8c4a1573566bbb2f44f5c505ef6e74cec7ab9068c900047f04b"},
    {file = "pillow-10.4.0-pp39-pypy39_pp73-manylinux_2_17_x86_64.manylinux2014_x86_64.whl", hash = "sha256:87dd88ded2e6d74d31e1e0a99a726a6765cda32d00ba72dc37f0651f306daaa8"},
    {file = "pillow-10.4.0-pp39-pypy39_pp73-manylinux_2_28_aarch64.whl", hash = "sha256:2db98790afc70118bd0255c2eeb465e9767ecf1f3c25f9a1abb8ffc8cfd1fe0a"},
    {file = "pillow-10.4.0-pp39-pypy39_pp73-manylinux_2_28_x86_64.whl", hash = "sha256:f7baece4ce06bade126fb84b8af1c33439a76d8a6fd818970215e0560ca28c27"},
    {file = "pillow-10.4.0-pp39-pypy39_pp73-win_amd64.whl", hash = "sha256:cfdd747216947628af7b259d274771d84db2268ca062dd5faf373639d00113a3"},
    {file = "pillow-10.4.0.tar.gz", hash = "sha256:166c1cd4d24309b30d61f79f4a9114b7b2313d7450912277855ff5dfd7cd4a06"},
]

[package.extras]
docs = ["furo", "olefile", "sphinx (>=7.3)", "sphinx-copybutton", "sphinx-inline-tabs", "sphinxext-opengraph"]
fpx = ["olefile"]
mic = ["olefile"]
tests = ["check-manifest", "coverage", "defusedxml", "markdown2", "olefile", "packaging", "pyroma", "pytest", "pytest-cov", "pytest-timeout"]
typing = ["typing-extensions"]
xmp = ["defusedxml"]

[[package]]
name = "pillow-avif-plugin"
version = "1.5.5"
description = "A pillow plugin that adds avif support via libavif"
optional = false
python-versions = "*"
files = [
    {file = "pillow_avif_plugin-1.5.5-cp27-cp27m-macosx_10_10_x86_64.whl", hash = "sha256:99dbc6483edd40fd5aae71cd63169e7be8dd891ba8534a22cc33c1e97919f779"},
    {file = "pillow_avif_plugin-1.5.5-cp27-cp27mu-manylinux2010_x86_64.whl", hash = "sha256:5c6c3d0d617aed5ec3c1ec1219c55538da67d9ebdf587bd62b0a35fb3626dc56"},
    {file = "pillow_avif_plugin-1.5.5-cp310-cp310-macosx_10_10_x86_64.whl", hash = "sha256:f000cc51d07d6f47a5b0b2c7f4be0d82af0e1150dcb6361ce8e8973240e8c53a"},
    {file = "pillow_avif_plugin-1.5.5-cp310-cp310-macosx_11_0_arm64.whl", hash = "sha256:8f252620a6f96cb127a509df42a304500e2aaec8ced103d448504a1e17439bcb"},
    {file = "pillow_avif_plugin-1.5.5-cp310-cp310-manylinux2014_aarch64.manylinux_2_17_aarch64.whl", hash = "sha256:00053c630c65d7634a5ac9f42f6981275aed60c4fc41fc5afe9e63178c69f281"},
    {file = "pillow_avif_plugin-1.5.5-cp310-cp310-manylinux2014_x86_64.manylinux_2_17_x86_64.whl", hash = "sha256:b9ff99e112bcb54c78481223d476941c3638eda8a243d460d62f72aed2381182"},
    {file = "pillow_avif_plugin-1.5.5-cp310-cp310-manylinux_2_28_aarch64.whl", hash = "sha256:e3c85a268297bf9de04848ef22003c6d6a9b715a196f467de65c3c92315c60e9"},
    {file = "pillow_avif_plugin-1.5.5-cp310-cp310-manylinux_2_28_x86_64.whl", hash = "sha256:ed1253bad7a2924164a078341a98384ba1aed08d9d25b59b957438fcac1ac26a"},
    {file = "pillow_avif_plugin-1.5.5-cp310-cp310-musllinux_1_2_aarch64.whl", hash = "sha256:283d2850b2f9ceb6492a6b77ef97fcb07242a31951c61134df0817f6deb29aea"},
    {file = "pillow_avif_plugin-1.5.5-cp310-cp310-musllinux_1_2_x86_64.whl", hash = "sha256:9814c13ebdbf73cec42db8646d717ca705e50d8994ab9ab42dfaa8a55d6206e9"},
    {file = "pillow_avif_plugin-1.5.5-cp310-cp310-win_amd64.whl", hash = "sha256:c259e75cb8ab93b64f2689a580653b20acc48ff393a5aad7731f00a06ad987b1"},
    {file = "pillow_avif_plugin-1.5.5-cp311-cp311-macosx_10_10_x86_64.whl", hash = "sha256:a34e3f3fe6b50114fa24b001b73644b48f2953cc16522c4703790766d2ef5bc3"},
    {file = "pillow_avif_plugin-1.5.5-cp311-cp311-macosx_11_0_arm64.whl", hash = "sha256:68a79c18ac12dfee00397d749629f1beec0d7a7bff836e410301ab53c10e685a"},
    {file = "pillow_avif_plugin-1.5.5-cp311-cp311-manylinux2014_aarch64.manylinux_2_17_aarch64.whl", hash = "sha256:f91f8771393653d71df487022c092cb62149a3b52caea2fc6f56ebd341bc3042"},
    {file = "pillow_avif_plugin-1.5.5-cp311-cp311-manylinux2014_x86_64.manylinux_2_17_x86_64.whl", hash = "sha256:d3f7d124f6bc1c63608e11c7846b07357f38c3819eddb0d24476992a1cbfee07"},
    {file = "pillow_avif_plugin-1.5.5-cp311-cp311-manylinux_2_28_aarch64.whl", hash = "sha256:9a1f9048de29827280630d879e184ef07424d92afe9c6b37f4c1d82670a2a00f"},
    {file = "pillow_avif_plugin-1.5.5-cp311-cp311-manylinux_2_28_x86_64.whl", hash = "sha256:639d38d29f43c39141005693e850d08238dc5b7090e0a933990f52800688b0d7"},
    {file = "pillow_avif_plugin-1.5.5-cp311-cp311-musllinux_1_2_aarch64.whl", hash = "sha256:5b505c34d8e1da3bb80ff5a386f6b193ca5f9275515047ad3c7d473ab28de6cb"},
    {file = "pillow_avif_plugin-1.5.5-cp311-cp311-musllinux_1_2_x86_64.whl", hash = "sha256:d9df42d4b81e8d3d367d392305f45282cfc17d523348e3b38ba79744caf6bd5b"},
    {file = "pillow_avif_plugin-1.5.5-cp311-cp311-win_amd64.whl", hash = "sha256:a9e9d630c43773ccb3300310b97985c26117679ec5d8c9645f458538280a51a1"},
    {file = "pillow_avif_plugin-1.5.5-cp312-cp312-macosx_10_13_x86_64.whl", hash = "sha256:e69411edfcd17907038c00a46c7e2ebc2c10f14895e23a853909c34ee66ffbda"},
    {file = "pillow_avif_plugin-1.5.5-cp312-cp312-macosx_11_0_arm64.whl", hash = "sha256:2252182b406327dfb94e0406f8d0b5f45b4eb921e42f1574555d094359f47f86"},
    {file = "pillow_avif_plugin-1.5.5-cp312-cp312-manylinux2014_aarch64.manylinux_2_17_aarch64.whl", hash = "sha256:3c2c7ffff57675240ca0aed8f3050bc58409f8656274a1caa24d41157b98ba3b"},
    {file = "pillow_avif_plugin-1.5.5-cp312-cp312-manylinux2014_x86_64.manylinux_2_17_x86_64.whl", hash = "sha256:865902db0b4008bdd78004bb69aab796b1101e04e6175a83577042037485bf85"},
    {file = "pillow_avif_plugin-1.5.5-cp312-cp312-manylinux_2_28_aarch64.whl", hash = "sha256:1d3d48e5d3468be246fdff58e711ad0dcba5c7d6730006bab8b9c53d7dc4bddf"},
    {file = "pillow_avif_plugin-1.5.5-cp312-cp312-manylinux_2_28_x86_64.whl", hash = "sha256:a7bafcc8579f1ab1e8ec3f9d249528399fa50c563381e52bcf56dba797b957a3"},
    {file = "pillow_avif_plugin-1.5.5-cp312-cp312-musllinux_1_2_aarch64.whl", hash = "sha256:905b57c6b4ea323cf6731b8f8ee0d4bcc01847612c80b5fde8f9240cf3d06c75"},
    {file = "pillow_avif_plugin-1.5.5-cp312-cp312-musllinux_1_2_x86_64.whl", hash = "sha256:9893395d7fe2f46b500b4c2766df4721a569bfb9fd7a2e79658ab71e9c56847b"},
    {file = "pillow_avif_plugin-1.5.5-cp312-cp312-win_amd64.whl", hash = "sha256:f3bffa2f01b3bac6cfebc47a1977344f1ab1400aaa78af437ab73ff1a6f865b4"},
    {file = "pillow_avif_plugin-1.5.5-cp313-cp313-macosx_10_13_x86_64.whl", hash = "sha256:dc277004ea675f629ac51155275f69bb18b0b7bf3ed46a788fc4a70f79b8e2bf"},
    {file = "pillow_avif_plugin-1.5.5-cp313-cp313-macosx_11_0_arm64.whl", hash = "sha256:5735b1373faaa890a77b91971afcc60b14cbeab3960630a76011ebdb3e6d5fe6"},
    {file = "pillow_avif_plugin-1.5.5-cp313-cp313-manylinux2014_aarch64.manylinux_2_17_aarch64.whl", hash = "sha256:0a569a81287d141b6d3b8652663eac18403dfcc1662bb2e9f8f11afa3b956d13"},
    {file = "pillow_avif_plugin-1.5.5-cp313-cp313-manylinux2014_x86_64.manylinux_2_17_x86_64.whl", hash = "sha256:25b843855bd7f51d64def876d570836432576ccb10926744cef6e7b2bf851bea"},
    {file = "pillow_avif_plugin-1.5.5-cp313-cp313-manylinux_2_28_aarch64.whl", hash = "sha256:e60851ea25d0674650416c915377078120f078714b708aa40492765768f7595e"},
    {file = "pillow_avif_plugin-1.5.5-cp313-cp313-manylinux_2_28_x86_64.whl", hash = "sha256:b4012226dcac34f4e4ed35ed367463f8565e5f67982a9d375a39a9c377265707"},
    {file = "pillow_avif_plugin-1.5.5-cp313-cp313-musllinux_1_2_aarch64.whl", hash = "sha256:41f91f044c34adf7b22e0e39fcdc5281df8894d1d694da09f4fc1551d2699dc2"},
    {file = "pillow_avif_plugin-1.5.5-cp313-cp313-musllinux_1_2_x86_64.whl", hash = "sha256:e7bd1199004c61e820ef6d6bf21ab2bf76d6daea7893fe8fb06f2ddc146dfe48"},
    {file = "pillow_avif_plugin-1.5.5-cp313-cp313-win_amd64.whl", hash = "sha256:1831d3d75671e1c0a936ffceb98bc9fb52972088de7e4f7ec8ffb4478e241f62"},
    {file = "pillow_avif_plugin-1.5.5-cp313-cp313t-macosx_10_13_x86_64.whl", hash = "sha256:c98ce14366b5f55272b44de22886e1d398ce33448536d0fd31224665291f8e13"},
    {file = "pillow_avif_plugin-1.5.5-cp313-cp313t-macosx_11_0_arm64.whl", hash = "sha256:bbd18def950386cab6383054d8858b73fc239ddfe8a5c54ca9cefbe07760fb60"},
    {file = "pillow_avif_plugin-1.5.5-cp313-cp313t-manylinux2014_aarch64.manylinux_2_17_aarch64.whl", hash = "sha256:b7b596ccb0be5289ab320be6b5dc777b2c09b0ede07cc353735232cc4c73f428"},
    {file = "pillow_avif_plugin-1.5.5-cp313-cp313t-manylinux2014_x86_64.manylinux_2_17_x86_64.whl", hash = "sha256:787027f3cbb821627c36398b2a6c4b4c97de500e8ba966203de58e4e17943693"},
    {file = "pillow_avif_plugin-1.5.5-cp313-cp313t-manylinux_2_28_aarch64.whl", hash = "sha256:c0abc4b7406d23c386bfeda9620e4c9bd54b65ccb85b42dba82c6b08aedf99d7"},
    {file = "pillow_avif_plugin-1.5.5-cp313-cp313t-manylinux_2_28_x86_64.whl", hash = "sha256:aa82bb5f0080ae6827b4cd0a93c906cb77c0958431ed73e3b12b1f8d1ed66d0a"},
    {file = "pillow_avif_plugin-1.5.5-cp313-cp313t-musllinux_1_2_aarch64.whl", hash = "sha256:fe3d66eceae96094b39b3b5d7643d310ce59680f2138da59742582054830c882"},
    {file = "pillow_avif_plugin-1.5.5-cp313-cp313t-musllinux_1_2_x86_64.whl", hash = "sha256:6e98edb1ce487898668c93599fbb004fab68ad9d48cef11dab3675c5960fef95"},
    {file = "pillow_avif_plugin-1.5.5-cp313-cp313t-win_amd64.whl", hash = "sha256:5e2d39f9c4400e810c951b3d1d4310142fb3af43134a07c995ab1f7275b82b5e"},
    {file = "pillow_avif_plugin-1.5.5-cp314-cp314-macosx_10_15_x86_64.whl", hash = "sha256:6c39a5abe3316551329c998ea14b24034f0e8a150c10b590121367a807e47c5e"},
    {file = "pillow_avif_plugin-1.5.5-cp314-cp314-macosx_11_0_arm64.whl", hash = "sha256:2026acc9697b64adaa328b7e8504b579d30e45f46656953a8421aafa7b6f9b33"},
    {file = "pillow_avif_plugin-1.5.5-cp314-cp314-manylinux2014_aarch64.manylinux_2_17_aarch64.whl", hash = "sha256:7524b9d0757a1ff4ed1337188d690b68949e3f521e02246b1469d49449294080"},
    {file = "pillow_avif_plugin-1.5.5-cp314-cp314-manylinux2014_x86_64.manylinux_2_17_x86_64.whl", hash = "sha256:705ddd136f03b681f5be28e72798204c957658c240d2a874d8656efecdf82b75"},
    {file = "pillow_avif_plugin-1.5.5-cp314-cp314-manylinux_2_28_aarch64.whl", hash = "sha256:7d3e56a596421a3af7970cf1a64767dc9fc76dc7b364b36919eb75b8b5ec5fcd"},
    {file = "pillow_avif_plugin-1.5.5-cp314-cp314-manylinux_2_28_x86_64.whl", hash = "sha256:0ac4ce64b66b0b6eb96484b6a9985d06f56a4b57f357f6cd1d040543f6bedf1a"},
    {file = "pillow_avif_plugin-1.5.5-cp314-cp314-musllinux_1_2_aarch64.whl", hash = "sha256:f102dec7f482b5ca999a923933e440a82bfd8ae2eb5893fe144ef8f47cf8d971"},
    {file = "pillow_avif_plugin-1.5.5-cp314-cp314-musllinux_1_2_x86_64.whl", hash = "sha256:e45fbda332affe999c250de21f4aca277b3fe6805c8fce182006e854e6b4de5c"},
    {file = "pillow_avif_plugin-1.5.5-cp314-cp314-win_amd64.whl", hash = "sha256:a6c6c70dc227d2810ae1e51e39e6f1adccd310a284e1f788aeb54a52fb95c05b"},
    {file = "pillow_avif_plugin-1.5.5-cp314-cp314t-macosx_10_15_x86_64.whl", hash = "sha256:cff2d641b86a72c6767f19f0c5fdab54289d1fa9457bcacb19c030b620ca461e"},
    {file = "pillow_avif_plugin-1.5.5-cp314-cp314t-macosx_11_0_arm64.whl", hash = "sha256:cf462e4f1463a942a77f7222b8bc4d51f0580aed49cedb36c7cfe35028a9f67b"},
    {file = "pillow_avif_plugin-1.5.5-cp314-cp314t-manylinux2014_aarch64.manylinux_2_17_aarch64.whl", hash = "sha256:d410c8f7a8f570f93cbbeffcde22574cbf57bc8e5de8ccc973530a74f1aaeee2"},
    {file = "pillow_avif_plugin-1.5.5-cp314-cp314t-manylinux2014_x86_64.manylinux_2_17_x86_64.whl", hash = "sha256:73d37914ad82bec6583c5df70dea5ccb4d2f5435ca3c48e50b1c5fff52c92d6e"},
    {file = "pillow_avif_plugin-1.5.5-cp314-cp314t-manylinux_2_28_aarch64.whl", hash = "sha256:9441006c3d242dfb7b54e9294a747b578f620446998a2384cfd2926cc0c0d107"},
    {file = "pillow_avif_plugin-1.5.5-cp314-cp314t-manylinux_2_28_x86_64.whl", hash = "sha256:465f2aa24ed03d4ad5545ab4cd7627074c181cc0e96715419cd6c8fcff509779"},
    {file = "pillow_avif_plugin-1.5.5-cp314-cp314t-musllinux_1_2_aarch64.whl", hash = "sha256:0b04eac3d9f13f3fb1f147dbc39a54c186d16b8696b2b984880d01803995dbd5"},
    {file = "pillow_avif_plugin-1.5.5-cp314-cp314t-musllinux_1_2_x86_64.whl", hash = "sha256:1bc75fe3ce1f369bb5068911625fca1430c63b62ae8d8c1ae85e4c839b4dd23c"},
    {file = "pillow_avif_plugin-1.5.5-cp314-cp314t-win_amd64.whl", hash = "sha256:3ec51ff05f6d254b3d2ec2fd134040921959554b542a5f1dbb62ee49c29e51ed"},
    {file = "pillow_avif_plugin-1.5.5-cp37-cp37m-macosx_10_10_x86_64.whl", hash = "sha256:f83a25ef3131a3f1f01966b2291eb0cc387caf6d9021510fdc65f895e8528897"},
    {file = "pillow_avif_plugin-1.5.5-cp37-cp37m-macosx_11_0_arm64.whl", hash = "sha256:8a4714976dfcd24ce254e36c3da67ae4240ffbeb9c223d90fae6cd1feaa8030d"},
    {file = "pillow_avif_plugin-1.5.5-cp37-cp37m-manylinux_2_12_x86_64.manylinux2010_x86_64.whl", hash = "sha256:2d8cfb586ffa960894cc29f8b1d535544bb29db99897ec0db076e36a159564a5"},
    {file = "pillow_avif_plugin-1.5.5-cp38-cp38-macosx_10_10_x86_64.whl", hash = "sha256:f9f677a1085c91a95e96bbcbfdeb93337049a6c5956b379663901e9c85f6f830"},
    {file = "pillow_avif_plugin-1.5.5-cp38-cp38-macosx_11_0_arm64.whl", hash = "sha256:81db79f197a9abe0381f005045380388d01458f8b20d69b09b2259f0efaeb5e3"},
    {file = "pillow_avif_plugin-1.5.5-cp38-cp38-manylinux2014_aarch64.manylinux_2_17_aarch64.whl", hash = "sha256:c10aaa7dd62a5f96abf1383c899a0a1e719bf3e3d64d62911694799028804717"},
    {file = "pillow_avif_plugin-1.5.5-cp38-cp38-manylinux2014_x86_64.manylinux_2_17_x86_64.whl", hash = "sha256:9353488cb02a59b106f36a167897ba568767a4eca0622d9d1255fe6b8d223a68"},
    {file = "pillow_avif_plugin-1.5.5-cp38-cp38-musllinux_1_1_x86_64.whl", hash = "sha256:fd527c6225d7e1c14ebb628dcdabce190dcceb46b7d9297ab0a5b5066cf3e7eb"},
    {file = "pillow_avif_plugin-1.5.5-cp39-cp39-macosx_10_10_x86_64.whl", hash = "sha256:8cf37478dd240d56d95e2a612aeea838d9cb3fddc0f6c5cbf63d1651b2e80b8f"},
    {file = "pillow_avif_plugin-1.5.5-cp39-cp39-macosx_11_0_arm64.whl", hash = "sha256:32fee45879455d3bcb9c6ea75f6fbd1553d2289785f3416ead11c084d394b575"},
    {file = "pillow_avif_plugin-1.5.5-cp39-cp39-manylinux2014_aarch64.manylinux_2_17_aarch64.whl", hash = "sha256:f9fd65cbb9907be3649423d6a54a7678a41bde1d8ef3a849001f844211447690"},
    {file = "pillow_avif_plugin-1.5.5-cp39-cp39-manylinux2014_x86_64.manylinux_2_17_x86_64.whl", hash = "sha256:3334781643766fec977c8bfa606147f53589cd082eb72c57d888c0d3af0aa543"},
    {file = "pillow_avif_plugin-1.5.5-cp39-cp39-manylinux_2_28_aarch64.whl", hash = "sha256:5315a126e3a29ae4d1750d0dca583cb5d0acb5f8ec6a36b57936dd5aa2f813e9"},
    {file = "pillow_avif_plugin-1.5.5-cp39-cp39-manylinux_2_28_x86_64.whl", hash = "sha256:99541ef2cd697ff071a9633cbf6e501589dc7ee34607b326a8afc3fc632915c0"},
    {file = "pillow_avif_plugin-1.5.5-cp39-cp39-musllinux_1_2_aarch64.whl", hash = "sha256:3929e930b60c8d28c595f118386d441c3507b7b764d86aa60a395be7ad0f66e8"},
    {file = "pillow_avif_plugin-1.5.5-cp39-cp39-musllinux_1_2_x86_64.whl", hash = "sha256:105a6f4177ce3fcdacc70c8771f4003f3c85e8ba749ee7e76ecb6f04c5e78a8c"},
    {file = "pillow_avif_plugin-1.5.5-cp39-cp39-win_amd64.whl", hash = "sha256:21a195e96e72ba7de32a6a1c9123702508fd859b2eff02bae3ddd3aa1ee3ad4a"},
    {file = "pillow_avif_plugin-1.5.5.tar.gz", hash = "sha256:e97956a62fc4f252e2a54644312839e194ec09b693f2f7b4d28c44cd747baf9d"},
]

[package.extras]
tests = ["packaging", "pillow", "pytest", "pytest-cov", "test-image-results"]

[[package]]
name = "pyinstaller"
version = "6.20.0"
description = "PyInstaller bundles a Python application and all its dependencies into a single package."
optional = false
python-versions = "<3.15,>=3.8"
files = [
    {file = "pyinstaller-6.20.0-py3-none-macosx_10_13_universal2.whl", hash = "sha256:bf3be4e1284ee78ddccba5e29f99443a12a7b4673168288ffc4c9d38c6f7b90e"},
    {file = "pyinstaller-6.20.0-py3-none-manylinux2014_aarch64.whl", hash = "sha256:72ae9c1fdea134afa791f58bdc9a1934d5c7609753c111e0026bfc272b32b712"},
    {file = "pyinstaller-6.20.0-py3-none-manylinux2014_i686.whl", hash = "sha256:1031bcc307f3fbeffd4e162723e64d46dbf591c82dd0997413afb2a07328b941"},
    {file = "pyinstaller-6.20.0-py3-none-manylinux2014_ppc64le.whl", hash = "sha256:8df3b3f347659fa2562d8d193a98ad4600133b8b8d07c268df89e4154376750e"},
    {file = "pyinstaller-6.20.0-py3-none-manylinux2014_s390x.whl", hash = "sha256:b0d3cc9dd8120d448459bd3880a12e2f9774c51443af49047801446377999a59"},
    {file = "pyinstaller-6.20.0-py3-none-manylinux2014_x86_64.whl", hash = "sha256:03696bb6350177c6bc23bcaf78e71a33c4a89b6754dd90d1be2f318e978c918b"},
    {file = "pyinstaller-6.20.0-py3-none-musllinux_1_1_aarch64.whl", hash = "sha256:6357f1699f6af84f37e7367f031d4f68abdba65543b83990c9e8f5a4cebed0b7"},
    {file = "pyinstaller-6.20.0-py3-none-musllinux_1_1_x86_64.whl", hash = "sha256:0ab39c690abad26ba148e8f664f0478acc82a733997f4f22e757774832802da9"},
    {file = "pyinstaller-6.20.0-py3-none-win32.whl", hash = "sha256:9a7637e8e44b4387b13667fdcaac86ab6b29c446c16d34d8401539b81838759c"},
    {file = "pyinstaller-6.20.0-py3-none-win_amd64.whl", hash = "sha256:d588844e890ee80c4365867f98146636e1849bbca8e4284bbf0c809aff0f161a"},
    {file = "pyinstaller-6.20.0-py3-none-win_arm64.whl", hash = "sha256:bd53282c0a73e5c95573e1ddc8e5d564d4932bec91efbaed4dc5fdff9c2ae7f2"},
    {file = "pyinstaller-6.20.0.tar.gz", hash = "sha256:95c5c7e03d5d61e9dfb8ef259c699cf492bb1041beb6dbe83696608cec07347a"},
]

[package.dependencies]
altgraph = "*"
macholib = {version = ">=1.8", markers = "sys_platform == \"darwin\""}
packaging = ">=22.0"
pefile = {version = ">=2022.5.30", markers = "sys_platform == \"win32\""}
pyinstaller-hooks-contrib = ">=2026.4"
pywin32-ctypes = {version = ">=0.2.1", markers = "sys_platform == \"win32\""}
setuptools = ">=42.0.0"

[package.extras]
completion = ["argcomplete"]
hook-testing = ["execnet (>=1.5.0)", "psutil", "pytest (>=2.7.3)"]

[[package]]
name = "pyinstaller-hooks-contrib"
version = "2026.4"
description = "Community maintained hooks for PyInstaller"
optional = false
python-versions = ">=3.8"
files = [
    {file = "pyinstaller_hooks_contrib-2026.4-py3-none-any.whl", hash = "sha256:1de1a5e49a878122010b88c7e295502bc69776c157c4a4dc78741a4e6178b00f"},
    {file = "pyinstaller_hooks_contrib-2026.4.tar.gz", hash = "sha256:766c281acb1ecc32e21c8c667056d7ebf5da0aabd5e30c219f9c2a283620eeaa"},
]

[package.dependencies]
packaging = ">=22.0"
setuptools = ">=42.0.0"

[[package]]
name = "pyqt5"
version = "5.15.11"
description = "Python bindings for the Qt cross platform application toolkit"
optional = false
python-versions = ">=3.8"
files = [
    {file = "PyQt5-5.15.11-cp38-abi3-macosx_11_0_arm64.whl", hash = "sha256:c8b03dd9380bb13c804f0bdb0f4956067f281785b5e12303d529f0462f9afdc2"},
    {file = "PyQt5-5.15.11-cp38-abi3-macosx_11_0_x86_64.whl", hash = "sha256:6cd75628f6e732b1ffcfe709ab833a0716c0445d7aec8046a48d5843352becb6"},
    {file = "PyQt5-5.15.11-cp38-abi3-manylinux_2_17_x86_64.whl", hash = "sha256:cd672a6738d1ae33ef7d9efa8e6cb0a1525ecf53ec86da80a9e1b6ec38c8d0f1"},
    {file = "PyQt5-5.15.11-cp38-abi3-win32.whl", hash = "sha256:76be0322ceda5deecd1708a8d628e698089a1cea80d1a49d242a6d579a40babd"},
    {file = "PyQt5-5.15.11-cp38-abi3-win_amd64.whl", hash = "sha256:bdde598a3bb95022131a5c9ea62e0a96bd6fb28932cc1619fd7ba211531b7517"},
    {file = "PyQt5-5.15.11.tar.gz", hash = "sha256:fda45743ebb4a27b4b1a51c6d8ef455c4c1b5d610c90d2934c7802b5c1557c52"},
]

[package.dependencies]
PyQt5-Qt5 = ">=5.15.2,<5.16.0"
PyQt5-sip = ">=12.15,<13"

[[package]]
name = "pyqt5-qt5"
version = "5.15.11"
description = "The subset of a Qt installation needed by PyQt5."
optional = false
python-versions = "*"
files = [
    {file = "PyQt5_Qt5-5.15.11-1-py3-none-macosx_11_0_arm64.whl", hash = "sha256:9bb0d816de8c003ce41881e39fe5d64c2cdf5e8ca96b6c016c34f8e0bdc30768"},
    {file = "PyQt5_Qt5-5.15.11-py3-none-macosx_10_13_x86_64.whl", hash = "sha256:109c418d221538751e4d7755a81c978ee31abbd65facb3f1f361dca74a1b758a"},
    {file = "PyQt5_Qt5-5.15.11-py3-none-macosx_11_0_arm64.whl", hash = "sha256:3cccb21942eb49d21fb0193f28e3e8ae3d35395f158e8a9d4d58e23efa3a2ea7"},
]

[[package]]
name = "pyqt5-sip"
version = "12.18.0"
description = "The sip module support for PyQt5"
optional = false
python-versions = ">=3.10"
files = [
    {file = "pyqt5_sip-12.18.0-cp310-cp310-macosx_10_9_universal2.whl", hash = "sha256:dc5c30bb9bd8cca6e13d2fedac6e2a75fe2168d798d66f76e74835546b025027"},
    {file = "pyqt5_sip-12.18.0-cp310-cp310-manylinux1_x86_64.manylinux_2_5_x86_64.whl", hash = "sha256:b4b743566f67cabfa7b0ba2da30b46d9d635d16cd5bc8cdcec83f620ed14dd93"},
    {file = "pyqt5_sip-12.18.0-cp310-cp310-manylinux_2_5_x86_64.manylinux1_x86_64.whl", hash = "sha256:bbec4c14903bcd585b4e1ee50edccfe224c8c0ee8004a072143993b4eb954442"},
    {file = "pyqt5_sip-12.18.0-cp310-cp310-win32.whl", hash = "sha256:a2a0278091d067b17855047ed8bd557e5ca62308a7d9fb5200451d0bd9090afc"},
    {file = "pyqt5_sip-12.18.0-cp310-cp310-win_amd64.whl", hash = "sha256:65f257e28d06a01c2a9a7c0b2faf2af1dbf25a1420a5a9d905a54aaddce74d79"},
    {file = "pyqt5_sip-12.18.0-cp311-cp311-macosx_10_9_universal2.whl", hash = "sha256:13c32e9025d0ab5fe960ef64dcb4c6f7ec26156ddce2cf2f195600aa26e8f9fe"},
    {file = "pyqt5_sip-12.18.0-cp311-cp311-manylinux1_x86_64.manylinux_2_5_x86_64.whl", hash = "sha256:dd855149c724634eb1f92d10e04e1be0751068a8521d5f9f06e5c2dbe32fd89f"},
    {file = "pyqt5_sip-12.18.0-cp311-cp311-manylinux_2_5_x86_64.manylinux1_x86_64.whl", hash = "sha256:521729e4ce44db555005f4e6987c4a5164d45ea03f5a7d08519813d4776acd15"},
    {file = "pyqt5_sip-12.18.0-cp311-cp311-win32.whl", hash = "sha256:c738949863d88b78f86f28e13151989ca3b1a302934811af41856dc8a27838bd"},
    {file = "pyqt5_sip-12.18.0-cp311-cp311-win_amd64.whl", hash = "sha256:ac0be1a8ce145ed78c7e8d45243749405bee7e3a87e9810b0542bca010c50bd7"},
    {file = "pyqt5_sip-12.18.0-cp312-cp312-macosx_10_9_universal2.whl", hash = "sha256:b29e4cda24748e59e5bd1bdad4812091a86b4b5b08c38b7f781eb55a5166f2b7"},
    {file = "pyqt5_sip-12.18.0-cp312-cp312-manylinux1_x86_64.manylinux_2_5_x86_64.whl", hash = "sha256:163c2bba5e637c2222ec17d82a2c5aa158184a191923eb7d137cf4cfa0399529"},
    {file = "pyqt5_sip-12.18.0-cp312-cp312-manylinux_2_5_x86_64.manylinux1_x86_64.whl", hash = "sha256:ead5e0a64ad852ac60797989d8444a6a5bd834768536b04a07b40b2937d922f6"},
    {file = "pyqt5_sip-12.18.0-cp312-cp312-win32.whl", hash = "sha256:993fe3ed9a62a92e770f32d5344e3df56c2cacf1471f01b7feaf04818a2df1c4"},
    {file = "pyqt5_sip-12.18.0-cp312-cp312-win_amd64.whl", hash = "sha256:9b689e02e400abd1ce0a30cd6eae8eceabcf1bbba0395cb5c86e64ba74351d68"},
    {file = "pyqt5_sip-12.18.0-cp313-cp313-macosx_10_13_universal2.whl", hash = "sha256:9254e5dd7676b76503ba20edcc919e7ac4a97b6c70a6fb2f9dba9e13b4c60509"},
    {file = "pyqt5_sip-12.18.0-cp313-cp313-manylinux1_x86_64.manylinux_2_5_x86_64.whl", hash = "sha256:c969631ada7293a81e1012b2264a62d69a91995b517586489dfe24421b87b9af"},
    {file = "pyqt5_sip-12.18.0-cp313-cp313-manylinux_2_5_x86_64.manylinux1_x86_64.whl", hash = "sha256:d84ac384a63285132e67762c87681191c25e28a1df7560287ec3889d9eb223b5"},
    {file = "pyqt5_sip-12.18.0-cp313-cp313-win32.whl", hash = "sha256:95bba4670ecf5cba73958b85aa2087c17838a402ed251c38e68060c7665c998b"},
    {file = "pyqt5_sip-12.18.0-cp313-cp313-win_amd64.whl", hash = "sha256:aac4adc37df2f2ac1dc259409be1900f07332d140a12c9db7c84112cef64ff59"},
    {file = "pyqt5_sip-12.18.0-cp314-cp314-macosx_10_15_universal2.whl", hash = "sha256:8372ec8704bfd5e09942d0d055a1657eb4f702f4b30847a5e59df0496f99d67f"},
    {file = "pyqt5_sip-12.18.0-cp314-cp314-manylinux1_x86_64.manylinux_2_5_x86_64.whl", hash = "sha256:fdb45c7cd2af7eccd7370b994d432bfc7965079f845392760724f26771bb59dc"},
    {file = "pyqt5_sip-12.18.0-cp314-cp314-manylinux_2_5_x86_64.manylinux1_x86_64.whl", hash = "sha256:92abe984becbde768954d6d0951f56d80a9868d2fd9e738e61fc944f0ff83dd6"},
    {file = "pyqt5_sip-12.18.0-cp314-cp314-win32.whl", hash = "sha256:bd9e3c6f81346f1b08d6db02305cdee20c009b43aa083d44ee2de47a7da0e123"},
    {file = "pyqt5_sip-12.18.0-cp314-cp314-win_amd64.whl", hash = "sha256:6d948f1be619c645cd3bda54952bfdc1aef7c79242dccea6a6858748e61114b9"},
    {file = "pyqt5_sip-12.18.0.tar.gz", hash = "sha256:71c37db75a0664325de149f43e2a712ec5fa1f90429a21dafbca005cb6767f94"},
]

[[package]]
name = "pywin32-ctypes"
version = "0.2.3"
description = "A (partial) reimplementation of pywin32 using ctypes/cffi"
optional = false
python-versions = ">=3.6"
files = [
    {file = "pywin32-ctypes-0.2.3.tar.gz", hash = "sha256:d162dc04946d704503b2edc4d55f3dba5c1d539ead017afa00142c38b9885755"},
    {file = "pywin32_ctypes-0.2.3-py3-none-any.whl", hash = "sha256:8a1513379d709975552d202d942d9837758905c8d01eb82b8bcc30918929e7b8"},
]

[[package]]
name = "setuptools"
version = "82.0.1"
description = "Most extensible Python build backend with support for C/C++ extension modules"
optional = false
python-versions = ">=3.9"
files = [
    {file = "setuptools-82.0.1-py3-none-any.whl", hash = "sha256:a59e362652f08dcd477c78bb6e7bd9d80a7995bc73ce773050228a348ce2e5bb"},
    {file = "setuptools-82.0.1.tar.gz", hash = "sha256:7d872682c5d01cfde07da7bccc7b65469d3dca203318515ada1de5eda35efbf9"},
]

[package.extras]
check = ["pytest-checkdocs (>=2.4)", "pytest-ruff (>=0.2.1)", "ruff (>=0.13.0)"]
core = ["importlib_metadata (>=6)", "jaraco.functools (>=4)", "jaraco.text (>=3.7)", "more_itertools", "more_itertools (>=8.8)", "packaging (>=24.2)", "tomli (>=2.0.1)", "wheel (>=0.43.0)"]
cover = ["pytest-cov"]
doc = ["furo", "jaraco.packaging (>=9.3)", "jaraco.tidelift (>=1.4)", "pygments-github-lexers (==0.0.5)", "pyproject-hooks (!=1.1)", "rst.linker (>=1.9)", "sphinx (>=3.5)", "sphinx-favicon", "sphinx-inline-tabs", "sphinx-lint", "sphinx-notfound-page (>=1,<2)", "sphinx-reredirects", "sphinxcontrib-towncrier", "towncrier (<24.7)"]
enabler = ["pytest-enabler (>=2.2)"]
test = ["build[virtualenv] (>=1.0.3)", "filelock (>=3.4.0)", "ini2toml[lite] (>=0.14)", "jaraco.develop (>=7.21)", "jaraco.envs (>=2.2)", "jaraco.path (>=3.7.2)", "jaraco.test (>=5.5)", "packaging (>=24.2)", "pip (>=19.1)", "pyproject-hooks (!=1.1)", "pytest (>=6,!=8.1.*)", "pytest-home (>=0.5)", "pytest-perf", "pytest-subprocess", "pytest-timeout", "pytest-xdist (>=3)", "tomli-w (>=1.0.0)", "virtualenv (>=13.0.0)", "wheel (>=0.44.0)"]
type = ["importlib_metadata (>=7.0.2)", "jaraco.develop (>=7.21)", "mypy (==1.18.*)", "pytest-mypy"]

[metadata]
lock-version = "2.0"
python-versions = ">=3.11,<3.14"
content-hash = "a29a486bbb6a287550888b5ad6911542cd6e40c1714180a231d38d5f7961a781"
